
Microsoft Visual Studio Solution File, Format Version 12.00
# Visual Studio Version 17
VisualStudioVersion = 17.6.33829.357
MinimumVisualStudioVersion = 10.0.40219.1
Project("{FAE04EC0-301F-11D3-BF4B-00C04F79EFBC}") = "Mvc.Core", "Mvc.Core\Mvc.Core.csproj", "{C6EC6287-2613-40A3-A9F9-AAC0323E60F1}"
EndProject
Project("{FAE04EC0-301F-11D3-BF4B-00C04F79EFBC}") = "Mvc.Northwind.Entities", "Mvc.Northwind.Entities\Mvc.Northwind.Entities.csproj", "{0897BD9F-EFEB-4A20-AA12-E323FF7D91AA}"
EndProject
Project("{FAE04EC0-301F-11D3-BF4B-00C04F79EFBC}") = "Mvc.Northwind.DataAccess", "Mvc.Northwind.DataAccess\Mvc.Northwind.DataAccess.csproj", "{66986E22-7312-440A-9678-994B5AC810F1}"
EndProject
Project("{FAE04EC0-301F-11D3-BF4B-00C04F79EFBC}") = "Mvc.Northwind.Business", "Mvc.Northwind.Business\Mvc.Northwind.Business.csproj", "{F69963B4-FC70-4A0C-822A-8B5D7EF79275}"
EndProject
Project("{FAE04EC0-301F-11D3-BF4B-00C04F79EFBC}") = "Abc.Northwind.MvcWebUI", "Abc.Northwind.MvcWebUI\Abc.Northwind.MvcWebUI.csproj", "{E396E079-10FC-4C9B-9438-A4A665714C8E}"
EndProject
Global
	GlobalSection(SolutionConfigurationPlatforms) = preSolution
		Debug|Any CPU = Debug|Any CPU
		Release|Any CPU = Release|Any CPU
	EndGlobalSection
	GlobalSection(ProjectConfigurationPlatforms) = postSolution
		{C6EC6287-2613-40A3-A9F9-AAC0323E60F1}.Debug|Any CPU.ActiveCfg = Debug|Any CPU
		{C6EC6287-2613-40A3-A9F9-AAC0323E60F1}.Debug|Any CPU.Build.0 = Debug|Any CPU
		{C6EC6287-2613-40A3-A9F9-AAC0323E60F1}.Release|Any CPU.ActiveCfg = Release|Any CPU
		{C6EC6287-2613-40A3-A9F9-AAC0323E60F1}.Release|Any CPU.Build.0 = Release|Any CPU
		{0897BD9F-EFEB-4A20-AA12-E323FF7D91AA}.Debug|Any CPU.ActiveCfg = Debug|Any CPU
		{0897BD9F-EFEB-4A20-AA12-E323FF7D91AA}.Debug|Any CPU.Build.0 = Debug|Any CPU
		{0897BD9F-EFEB-4A20-AA12-E323FF7D91AA}.Release|Any CPU.ActiveCfg = Release|Any CPU
		{0897BD9F-EFEB-4A20-AA12-E323FF7D91AA}.Release|Any CPU.Build.0 = Release|Any CPU
		{66986E22-7312-440A-9678-994B5AC810F1}.Debug|Any CPU.ActiveCfg = Debug|Any CPU
		{66986E22-7312-440A-9678-994B5AC810F1}.Debug|Any CPU.Build.0 = Debug|Any CPU
		{66986E22-7312-440A-9678-994B5AC810F1}.Release|Any CPU.ActiveCfg = Release|Any CPU
		{66986E22-7312-440A-9678-994B5AC810F1}.Release|Any CPU.Build.0 = Release|Any CPU
		{F69963B4-FC70-4A0C-822A-8B5D7EF79275}.Debug|Any CPU.ActiveCfg = Debug|Any CPU
		{F69963B4-FC70-4A0C-822A-8B5D7EF79275}.Debug|Any CPU.Build.0 = Debug|Any CPU
		{F69963B4-FC70-4A0C-822A-8B5D7EF79275}.Release|Any CPU.ActiveCfg = Release|Any CPU
		{F69963B4-FC70-4A0C-822A-8B5D7EF79275}.Release|Any CPU.Build.0 = Release|Any CPU
		{E396E079-10FC-4C9B-9438-A4A665714C8E}.Debug|Any CPU.ActiveCfg = Debug|Any CPU
		{E396E079-10FC-4C9B-9438-A4A665714C8E}.Debug|Any CPU.Build.0 = Debug|Any CPU
		{E396E079-10FC-4C9B-9438-A4A665714C8E}.Release|Any CPU.ActiveCfg = Release|Any CPU
		{E396E079-10FC-4C9B-9438-A4A665714C8E}.Release|Any CPU.Build.0 = Release|Any CPU
	EndGlobalSection
	GlobalSection(SolutionProperties) = preSolution
		HideSolutionNode = FALSE
	EndGlobalSection
	GlobalSection(ExtensibilityGlobals) = postSolution
		SolutionGuid = {6531AE7D-A6A1-42CF-BAEA-3E9F452AD45F}
	EndGlobalSection
EndGlobal
