{
  "name": "asp.net",
  "version": "1.0.0",
  "lockfileVersion": 2,
  "requires": true,
  "packages": {
    "": {
      "name": "asp.net",
      "version": "1.0.0",
      "dependencies": {
        "bootstrap": "5.3.0",
        "jquery": "3.7.0",
        "jquery-validation": "1.19.5",
        "jquery-validation-unobtrusive": "4.0.0",
        "popover": "2.4.1"
      },
      "devDependencies": {}
    },
    "node_modules/@popperjs/core": {
      "version": "2.11.8",
      "resolved": "https://registry.npmjs.org/@popperjs/core/-/core-2.11.8.tgz",
      "integrity": "sha512-P1st0aksCrn9sGZhp8GMYwBnQsbvAWsZAX44oXNNvLHGqAOcoVxmjZiohstwQ7SqKnbR47akdNi+uleWD8+g6A==",
      "peer": true,
      "funding": {
        "type": "opencollective",
        "url": "https://opencollective.com/popperjs"
      }
    },
    "node_modules/bootstrap": {
      "version": "5.3.0",
      "resolved": "https://registry.npmjs.org/bootstrap/-/bootstrap-5.3.0.tgz",
      "integrity": "sha512-UnBV3E3v4STVNQdms6jSGO2CvOkjUMdDAVR2V5N4uCMdaIkaQjbcEAMqRimDHIs4uqBYzDAKCQwCB+97tJgHQw==",
      "funding": [
        {
          "type": "github",
          "url": "https://github.com/sponsors/twbs"
        },
        {
          "type": "opencollective",
          "url": "https://opencollective.com/bootstrap"
        }
      ],
      "peerDependencies": {
        "@popperjs/core": "^2.11.7"
      }
    },
    "node_modules/debounce": {
      "version": "1.0.2",
      "resolved": "https://registry.npmjs.org/debounce/-/debounce-1.0.2.tgz",
      "integrity": "sha512-AW9SsfJ9CYtgGys1gzmNV21U8OR6xkJX7XZPSWRhzkwwJbfCBiHMLRCJFCpty2ZC1LxXZqRBT8VX7hZY01v2/w=="
    },
    "node_modules/domify": {
      "version": "1.4.1",
      "resolved": "https://registry.npmjs.org/domify/-/domify-1.4.1.tgz",
      "integrity": "sha512-x18nuiDHMCZGXr4KJSRMf/TWYtiaRo6RX8KN9fEbW54mvbQ6pieUuerC2ahBg+kEp1wycFj8MPUI0WkIOw5E9w=="
    },
    "node_modules/emitter-component": {
      "version": "1.1.1",
      "resolved": "https://registry.npmjs.org/emitter-component/-/emitter-component-1.1.1.tgz",
      "integrity": "sha512-G+mpdiAySMuB7kesVRLuyvYRqDmshB7ReKEVuyBPkzQlmiDiLrt7hHHIy4Aff552bgknVN7B2/d3lzhGO5dvpQ=="
    },
    "node_modules/jquery": {
      "version": "3.7.0",
      "resolved": "https://registry.npmjs.org/jquery/-/jquery-3.7.0.tgz",
      "integrity": "sha512-umpJ0/k8X0MvD1ds0P9SfowREz2LenHsQaxSohMZ5OMNEU2r0tf8pdeEFTHMFxWVxKNyU9rTtK3CWzUCTKJUeQ=="
    },
    "node_modules/jquery-validation": {
      "version": "1.19.5",
      "resolved": "https://registry.npmjs.org/jquery-validation/-/jquery-validation-1.19.5.tgz",
      "integrity": "sha512-X2SmnPq1mRiDecVYL8edWx+yTBZDyC8ohWXFhXdtqFHgU9Wd4KHkvcbCoIZ0JaSaumzS8s2gXSkP8F7ivg/8ZQ==",
      "peerDependencies": {
        "jquery": "^1.7 || ^2.0 || ^3.1"
      }
    },
    "node_modules/jquery-validation-unobtrusive": {
      "version": "4.0.0",
      "resolved": "https://registry.npmjs.org/jquery-validation-unobtrusive/-/jquery-validation-unobtrusive-4.0.0.tgz",
      "integrity": "sha512-1ervYFFv6LX/rp7ktuLnMakHNG0piNRDyROI8Ir3hL1vPIwylAehB1AY3BPrYJnzW3WmwWryZq+Bz4sazZK9iQ==",
      "dependencies": {
        "jquery": "^3.6.0",
        "jquery-validation": ">=1.19"
      }
    },
    "node_modules/popover": {
      "version": "2.4.1",
      "resolved": "https://registry.npmjs.org/popover/-/popover-2.4.1.tgz",
      "integrity": "sha512-YiiOLTvNUJfuhuMm6ug9Uk80nTYUnWjrNRlS8ufWD2W9uzchKG+xpHlid++TTZ30uzEPHUF1qr9vumAFXGdqlw==",
      "dependencies": {
        "debounce": "~1.0.0",
        "domify": "~1.4.0",
        "emitter-component": "~1.1.0"
      }
    }
  },
  "dependencies": {
    "@popperjs/core": {
      "version": "2.11.8",
      "resolved": "https://registry.npmjs.org/@popperjs/core/-/core-2.11.8.tgz",
      "integrity": "sha512-P1st0aksCrn9sGZhp8GMYwBnQsbvAWsZAX44oXNNvLHGqAOcoVxmjZiohstwQ7SqKnbR47akdNi+uleWD8+g6A==",
      "peer": true
    },
    "bootstrap": {
      "version": "5.3.0",
      "resolved": "https://registry.npmjs.org/bootstrap/-/bootstrap-5.3.0.tgz",
      "integrity": "sha512-UnBV3E3v4STVNQdms6jSGO2CvOkjUMdDAVR2V5N4uCMdaIkaQjbcEAMqRimDHIs4uqBYzDAKCQwCB+97tJgHQw==",
      "requires": {}
    },
    "debounce": {
      "version": "1.0.2",
      "resolved": "https://registry.npmjs.org/debounce/-/debounce-1.0.2.tgz",
      "integrity": "sha512-AW9SsfJ9CYtgGys1gzmNV21U8OR6xkJX7XZPSWRhzkwwJbfCBiHMLRCJFCpty2ZC1LxXZqRBT8VX7hZY01v2/w=="
    },
    "domify": {
      "version": "1.4.1",
      "resolved": "https://registry.npmjs.org/domify/-/domify-1.4.1.tgz",
      "integrity": "sha512-x18nuiDHMCZGXr4KJSRMf/TWYtiaRo6RX8KN9fEbW54mvbQ6pieUuerC2ahBg+kEp1wycFj8MPUI0WkIOw5E9w=="
    },
    "emitter-component": {
      "version": "1.1.1",
      "resolved": "https://registry.npmjs.org/emitter-component/-/emitter-component-1.1.1.tgz",
      "integrity": "sha512-G+mpdiAySMuB7kesVRLuyvYRqDmshB7ReKEVuyBPkzQlmiDiLrt7hHHIy4Aff552bgknVN7B2/d3lzhGO5dvpQ=="
    },
    "jquery": {
      "version": "3.7.0",
      "resolved": "https://registry.npmjs.org/jquery/-/jquery-3.7.0.tgz",
      "integrity": "sha512-umpJ0/k8X0MvD1ds0P9SfowREz2LenHsQaxSohMZ5OMNEU2r0tf8pdeEFTHMFxWVxKNyU9rTtK3CWzUCTKJUeQ=="
    },
    "jquery-validation": {
      "version": "1.19.5",
      "resolved": "https://registry.npmjs.org/jquery-validation/-/jquery-validation-1.19.5.tgz",
      "integrity": "sha512-X2SmnPq1mRiDecVYL8edWx+yTBZDyC8ohWXFhXdtqFHgU9Wd4KHkvcbCoIZ0JaSaumzS8s2gXSkP8F7ivg/8ZQ==",
      "requires": {}
    },
    "jquery-validation-unobtrusive": {
      "version": "4.0.0",
      "resolved": "https://registry.npmjs.org/jquery-validation-unobtrusive/-/jquery-validation-unobtrusive-4.0.0.tgz",
      "integrity": "sha512-1ervYFFv6LX/rp7ktuLnMakHNG0piNRDyROI8Ir3hL1vPIwylAehB1AY3BPrYJnzW3WmwWryZq+Bz4sazZK9iQ==",
      "requires": {
        "jquery": "^3.6.0",
        "jquery-validation": ">=1.19"
      }
    },
    "popover": {
      "version": "2.4.1",
      "resolved": "https://registry.npmjs.org/popover/-/popover-2.4.1.tgz",
      "integrity": "sha512-YiiOLTvNUJfuhuMm6ug9Uk80nTYUnWjrNRlS8ufWD2W9uzchKG+xpHlid++TTZ30uzEPHUF1qr9vumAFXGdqlw==",
      "requires": {
        "debounce": "~1.0.0",
        "domify": "~1.4.0",
        "emitter-component": "~1.1.0"
      }
    }
  }
}
